// !$*UTF8*$!
{
	archiveVersion = 1;
	classes = {
	};
	objectVersion = 56;
	objects = {

/* Begin PBXBuildFile section */
		08CADDD82AA3A7C000DBA670 /* NSLayoutConstraint+Priority.swift in Sources */ = {isa = PBXBuildFile; fileRef = 08CADDD72AA3A7C000DBA670 /* NSLayoutConstraint+Priority.swift */; };
		08CADDDC2AA4577B00DBA670 /* DetailViewController.swift in Sources */ = {isa = PBXBuildFile; fileRef = 08CADDDB2AA4577B00DBA670 /* DetailViewController.swift */; };
		08CADDDF2AA46FA800DBA670 /* SDWebImage in Frameworks */ = {isa = PBXBuildFile; productRef = 08CADDDE2AA46FA800DBA670 /* SDWebImage */; };
		08CADDE12AA4785900DBA670 /* TimeInterval+DaysAgo.swift in Sources */ = {isa = PBXBuildFile; fileRef = 08CADDE02AA4785900DBA670 /* TimeInterval+DaysAgo.swift */; };
		08F9D9C42A9F807E00F06F7D /* AppDelegate.swift in Sources */ = {isa = PBXBuildFile; fileRef = 08F9D9C32A9F807E00F06F7D /* AppDelegate.swift */; };
		08F9D9C62A9F807E00F06F7D /* SceneDelegate.swift in Sources */ = {isa = PBXBuildFile; fileRef = 08F9D9C52A9F807E00F06F7D /* SceneDelegate.swift */; };
		08F9D9C82A9F807E00F06F7D /* FeedViewController.swift in Sources */ = {isa = PBXBuildFile; fileRef = 08F9D9C72A9F807E00F06F7D /* FeedViewController.swift */; };
		08F9D9CD2A9F807F00F06F7D /* Assets.xcassets in Resources */ = {isa = PBXBuildFile; fileRef = 08F9D9CC2A9F807F00F06F7D /* Assets.xcassets */; };
		08F9D9D02A9F807F00F06F7D /* LaunchScreen.storyboard in Resources */ = {isa = PBXBuildFile; fileRef = 08F9D9CE2A9F807F00F06F7D /* LaunchScreen.storyboard */; };
		08F9D9D82A9F84A800F06F7D /* BaseCoordinator.swift in Sources */ = {isa = PBXBuildFile; fileRef = 08F9D9D72A9F84A800F06F7D /* BaseCoordinator.swift */; };
		08F9D9DA2A9F85D500F06F7D /* AppCoordinator.swift in Sources */ = {isa = PBXBuildFile; fileRef = 08F9D9D92A9F85D500F06F7D /* AppCoordinator.swift */; };
		08F9D9E12A9F89FD00F06F7D /* FeedCoordinator.swift in Sources */ = {isa = PBXBuildFile; fileRef = 08F9D9E02A9F89FD00F06F7D /* FeedCoordinator.swift */; };
		08F9D9EA2A9F8E3F00F06F7D /* InjectionKey.swift in Sources */ = {isa = PBXBuildFile; fileRef = 08F9D9E92A9F8E3F00F06F7D /* InjectionKey.swift */; };
		08F9D9EC2A9F926C00F06F7D /* InjectedValues.swift in Sources */ = {isa = PBXBuildFile; fileRef = 08F9D9EB2A9F926C00F06F7D /* InjectedValues.swift */; };
		08F9D9EE2A9F92D900F06F7D /* Injected.swift in Sources */ = {isa = PBXBuildFile; fileRef = 08F9D9ED2A9F92D900F06F7D /* Injected.swift */; };
		08F9D9F02A9F9F8100F06F7D /* NetworkError.swift in Sources */ = {isa = PBXBuildFile; fileRef = 08F9D9EF2A9F9F8100F06F7D /* NetworkError.swift */; };
		08F9D9F22A9F9FEB00F06F7D /* Endpoint.swift in Sources */ = {isa = PBXBuildFile; fileRef = 08F9D9F12A9F9FEB00F06F7D /* Endpoint.swift */; };
		08F9D9F42A9FA02000F06F7D /* RequestMethod.swift in Sources */ = {isa = PBXBuildFile; fileRef = 08F9D9F32A9FA02000F06F7D /* RequestMethod.swift */; };
		08F9D9F62A9FA12300F06F7D /* HTTPClient.swift in Sources */ = {isa = PBXBuildFile; fileRef = 08F9D9F52A9FA12300F06F7D /* HTTPClient.swift */; };
		08F9D9F82AA0ADBE00F06F7D /* PostEndpoint.swift in Sources */ = {isa = PBXBuildFile; fileRef = 08F9D9F72AA0ADBE00F06F7D /* PostEndpoint.swift */; };
		08F9D9FA2AA0B18300F06F7D /* PostNetworkService.swift in Sources */ = {isa = PBXBuildFile; fileRef = 08F9D9F92AA0B18300F06F7D /* PostNetworkService.swift */; };
		08F9D9FC2AA0B2C000F06F7D /* PostList.swift in Sources */ = {isa = PBXBuildFile; fileRef = 08F9D9FB2AA0B2C000F06F7D /* PostList.swift */; };
		08F9D9FE2AA0B37A00F06F7D /* DetailPosts.swift in Sources */ = {isa = PBXBuildFile; fileRef = 08F9D9FD2AA0B37A00F06F7D /* DetailPosts.swift */; };
		08F9DA002AA10BA600F06F7D /* ViewModel.swift in Sources */ = {isa = PBXBuildFile; fileRef = 08F9D9FF2AA10BA600F06F7D /* ViewModel.swift */; };
		08F9DA022AA10C3F00F06F7D /* NetworkServiceKey.swift in Sources */ = {isa = PBXBuildFile; fileRef = 08F9DA012AA10C3F00F06F7D /* NetworkServiceKey.swift */; };
		08F9DA052AA10D2100F06F7D /* RxCocoa in Frameworks */ = {isa = PBXBuildFile; productRef = 08F9DA042AA10D2100F06F7D /* RxCocoa */; };
		08F9DA072AA10D2100F06F7D /* RxRelay in Frameworks */ = {isa = PBXBuildFile; productRef = 08F9DA062AA10D2100F06F7D /* RxRelay */; };
		08F9DA092AA10D2200F06F7D /* RxSwift in Frameworks */ = {isa = PBXBuildFile; productRef = 08F9DA082AA10D2200F06F7D /* RxSwift */; };
		08F9DA0B2AA10D8800F06F7D /* ViewModelKey.swift in Sources */ = {isa = PBXBuildFile; fileRef = 08F9DA0A2AA10D8800F06F7D /* ViewModelKey.swift */; };
		08F9DA0D2AA1160700F06F7D /* ResizeViewCell.swift in Sources */ = {isa = PBXBuildFile; fileRef = 08F9DA0C2AA1160700F06F7D /* ResizeViewCell.swift */; };
/* End PBXBuildFile section */

/* Begin PBXFileReference section */
		08CADDD72AA3A7C000DBA670 /* NSLayoutConstraint+Priority.swift */ = {isa = PBXFileReference; lastKnownFileType = sourcecode.swift; path = "NSLayoutConstraint+Priority.swift"; sourceTree = "<group>"; };
		08CADDDB2AA4577B00DBA670 /* DetailViewController.swift */ = {isa = PBXFileReference; lastKnownFileType = sourcecode.swift; path = DetailViewController.swift; sourceTree = "<group>"; };
		08CADDE02AA4785900DBA670 /* TimeInterval+DaysAgo.swift */ = {isa = PBXFileReference; lastKnownFileType = sourcecode.swift; path = "TimeInterval+DaysAgo.swift"; sourceTree = "<group>"; };
		08F9D9C02A9F807E00F06F7D /* PostFeed.app */ = {isa = PBXFileReference; explicitFileType = wrapper.application; includeInIndex = 0; path = PostFeed.app; sourceTree = BUILT_PRODUCTS_DIR; };
		08F9D9C32A9F807E00F06F7D /* AppDelegate.swift */ = {isa = PBXFileReference; lastKnownFileType = sourcecode.swift; path = AppDelegate.swift; sourceTree = "<group>"; };
		08F9D9C52A9F807E00F06F7D /* SceneDelegate.swift */ = {isa = PBXFileReference; lastKnownFileType = sourcecode.swift; path = SceneDelegate.swift; sourceTree = "<group>"; };
		08F9D9C72A9F807E00F06F7D /* FeedViewController.swift */ = {isa = PBXFileReference; lastKnownFileType = sourcecode.swift; path = FeedViewController.swift; sourceTree = "<group>"; };
		08F9D9CC2A9F807F00F06F7D /* Assets.xcassets */ = {isa = PBXFileReference; lastKnownFileType = folder.assetcatalog; path = Assets.xcassets; sourceTree = "<group>"; };
		08F9D9CF2A9F807F00F06F7D /* Base */ = {isa = PBXFileReference; lastKnownFileType = file.storyboard; name = Base; path = Base.lproj/LaunchScreen.storyboard; sourceTree = "<group>"; };
		08F9D9D12A9F807F00F06F7D /* Info.plist */ = {isa = PBXFileReference; lastKnownFileType = text.plist.xml; path = Info.plist; sourceTree = "<group>"; };
		08F9D9D72A9F84A800F06F7D /* BaseCoordinator.swift */ = {isa = PBXFileReference; lastKnownFileType = sourcecode.swift; path = BaseCoordinator.swift; sourceTree = "<group>"; };
		08F9D9D92A9F85D500F06F7D /* AppCoordinator.swift */ = {isa = PBXFileReference; lastKnownFileType = sourcecode.swift; path = AppCoordinator.swift; sourceTree = "<group>"; };
		08F9D9E02A9F89FD00F06F7D /* FeedCoordinator.swift */ = {isa = PBXFileReference; lastKnownFileType = sourcecode.swift; path = FeedCoordinator.swift; sourceTree = "<group>"; };
		08F9D9E92A9F8E3F00F06F7D /* InjectionKey.swift */ = {isa = PBXFileReference; lastKnownFileType = sourcecode.swift; path = InjectionKey.swift; sourceTree = "<group>"; };
		08F9D9EB2A9F926C00F06F7D /* InjectedValues.swift */ = {isa = PBXFileReference; lastKnownFileType = sourcecode.swift; path = InjectedValues.swift; sourceTree = "<group>"; };
		08F9D9ED2A9F92D900F06F7D /* Injected.swift */ = {isa = PBXFileReference; lastKnownFileType = sourcecode.swift; path = Injected.swift; sourceTree = "<group>"; };
		08F9D9EF2A9F9F8100F06F7D /* NetworkError.swift */ = {isa = PBXFileReference; lastKnownFileType = sourcecode.swift; path = NetworkError.swift; sourceTree = "<group>"; };
		08F9D9F12A9F9FEB00F06F7D /* Endpoint.swift */ = {isa = PBXFileReference; lastKnownFileType = sourcecode.swift; path = Endpoint.swift; sourceTree = "<group>"; };
		08F9D9F32A9FA02000F06F7D /* RequestMethod.swift */ = {isa = PBXFileReference; lastKnownFileType = sourcecode.swift; path = RequestMethod.swift; sourceTree = "<group>"; };
		08F9D9F52A9FA12300F06F7D /* HTTPClient.swift */ = {isa = PBXFileReference; lastKnownFileType = sourcecode.swift; path = HTTPClient.swift; sourceTree = "<group>"; };
		08F9D9F72AA0ADBE00F06F7D /* PostEndpoint.swift */ = {isa = PBXFileReference; lastKnownFileType = sourcecode.swift; path = PostEndpoint.swift; sourceTree = "<group>"; };
		08F9D9F92AA0B18300F06F7D /* PostNetworkService.swift */ = {isa = PBXFileReference; lastKnownFileType = sourcecode.swift; path = PostNetworkService.swift; sourceTree = "<group>"; };
		08F9D9FB2AA0B2C000F06F7D /* PostList.swift */ = {isa = PBXFileReference; lastKnownFileType = sourcecode.swift; path = PostList.swift; sourceTree = "<group>"; };
		08F9D9FD2AA0B37A00F06F7D /* DetailPosts.swift */ = {isa = PBXFileReference; lastKnownFileType = sourcecode.swift; path = DetailPosts.swift; sourceTree = "<group>"; };
		08F9D9FF2AA10BA600F06F7D /* ViewModel.swift */ = {isa = PBXFileReference; lastKnownFileType = sourcecode.swift; path = ViewModel.swift; sourceTree = "<group>"; };
		08F9DA012AA10C3F00F06F7D /* NetworkServiceKey.swift */ = {isa = PBXFileReference; lastKnownFileType = sourcecode.swift; path = NetworkServiceKey.swift; sourceTree = "<group>"; };
		08F9DA0A2AA10D8800F06F7D /* ViewModelKey.swift */ = {isa = PBXFileReference; lastKnownFileType = sourcecode.swift; path = ViewModelKey.swift; sourceTree = "<group>"; };
		08F9DA0C2AA1160700F06F7D /* ResizeViewCell.swift */ = {isa = PBXFileReference; lastKnownFileType = sourcecode.swift; path = ResizeViewCell.swift; sourceTree = "<group>"; };
/* End PBXFileReference section */

/* Begin PBXFrameworksBuildPhase section */
		08F9D9BD2A9F807E00F06F7D /* Frameworks */ = {
			isa = PBXFrameworksBuildPhase;
			buildActionMask = 2147483647;
			files = (
				08F9DA092AA10D2200F06F7D /* RxSwift in Frameworks */,
				08F9DA072AA10D2100F06F7D /* RxRelay in Frameworks */,
				08CADDDF2AA46FA800DBA670 /* SDWebImage in Frameworks */,
				08F9DA052AA10D2100F06F7D /* RxCocoa in Frameworks */,
			);
			runOnlyForDeploymentPostprocessing = 0;
		};
/* End PBXFrameworksBuildPhase section */

/* Begin PBXGroup section */
		08CADDD62AA3A7A600DBA670 /* Extensions */ = {
			isa = PBXGroup;
			children = (
				08CADDD72AA3A7C000DBA670 /* NSLayoutConstraint+Priority.swift */,
				08CADDE02AA4785900DBA670 /* TimeInterval+DaysAgo.swift */,
			);
			path = Extensions;
			sourceTree = "<group>";
		};
		08F9D9B72A9F807E00F06F7D = {
			isa = PBXGroup;
			children = (
				08F9D9C22A9F807E00F06F7D /* PostFeed */,
				08F9D9C12A9F807E00F06F7D /* Products */,
			);
			sourceTree = "<group>";
		};
		08F9D9C12A9F807E00F06F7D /* Products */ = {
			isa = PBXGroup;
			children = (
				08F9D9C02A9F807E00F06F7D /* PostFeed.app */,
			);
			name = Products;
			sourceTree = "<group>";
		};
		08F9D9C22A9F807E00F06F7D /* PostFeed */ = {
			isa = PBXGroup;
			children = (
				08F9D9DE2A9F87F500F06F7D /* FeedScene */,
				08F9D9DB2A9F86D800F06F7D /* Application */,
				08F9D9DD2A9F87E000F06F7D /* Common */,
				08F9D9DC2A9F870D00F06F7D /* Resources */,
				08F9D9E62A9F8DA500F06F7D /* Services */,
			);
			path = PostFeed;
			sourceTree = "<group>";
		};
		08F9D9DB2A9F86D800F06F7D /* Application */ = {
			isa = PBXGroup;
			children = (
				08F9D9C32A9F807E00F06F7D /* AppDelegate.swift */,
				08F9D9C52A9F807E00F06F7D /* SceneDelegate.swift */,
				08F9D9D92A9F85D500F06F7D /* AppCoordinator.swift */,
			);
			path = Application;
			sourceTree = "<group>";
		};
		08F9D9DC2A9F870D00F06F7D /* Resources */ = {
			isa = PBXGroup;
			children = (
				08F9D9CC2A9F807F00F06F7D /* Assets.xcassets */,
				08F9D9CE2A9F807F00F06F7D /* LaunchScreen.storyboard */,
				08F9D9D12A9F807F00F06F7D /* Info.plist */,
			);
			path = Resources;
			sourceTree = "<group>";
		};
		08F9D9DD2A9F87E000F06F7D /* Common */ = {
			isa = PBXGroup;
			children = (
				08CADDD62AA3A7A600DBA670 /* Extensions */,
				08F9D9E82A9F8E1B00F06F7D /* DI */,
				08F9D9D72A9F84A800F06F7D /* BaseCoordinator.swift */,
			);
			path = Common;
			sourceTree = "<group>";
		};
		08F9D9DE2A9F87F500F06F7D /* FeedScene */ = {
			isa = PBXGroup;
			children = (
				08F9D9E32A9F8BF800F06F7D /* Model */,
				08F9D9DF2A9F881400F06F7D /* View */,
				08F9D9E42A9F8C0000F06F7D /* ViewModel */,
				08F9D9E22A9F8A0400F06F7D /* Coordinator */,
				08F9D9E52A9F8C1900F06F7D /* DI */,
			);
			path = FeedScene;
			sourceTree = "<group>";
		};
		08F9D9DF2A9F881400F06F7D /* View */ = {
			isa = PBXGroup;
			children = (
				08F9D9C72A9F807E00F06F7D /* FeedViewController.swift */,
				08F9DA0C2AA1160700F06F7D /* ResizeViewCell.swift */,
				08CADDDB2AA4577B00DBA670 /* DetailViewController.swift */,
			);
			path = View;
			sourceTree = "<group>";
		};
		08F9D9E22A9F8A0400F06F7D /* Coordinator */ = {
			isa = PBXGroup;
			children = (
				08F9D9E02A9F89FD00F06F7D /* FeedCoordinator.swift */,
			);
			path = Coordinator;
			sourceTree = "<group>";
		};
		08F9D9E32A9F8BF800F06F7D /* Model */ = {
			isa = PBXGroup;
			children = (
				08F9D9FB2AA0B2C000F06F7D /* PostList.swift */,
				08F9D9FD2AA0B37A00F06F7D /* DetailPosts.swift */,
			);
			path = Model;
			sourceTree = "<group>";
		};
		08F9D9E42A9F8C0000F06F7D /* ViewModel */ = {
			isa = PBXGroup;
			children = (
				08F9D9FF2AA10BA600F06F7D /* ViewModel.swift */,
			);
			path = ViewModel;
			sourceTree = "<group>";
		};
		08F9D9E52A9F8C1900F06F7D /* DI */ = {
			isa = PBXGroup;
			children = (
				08F9DA012AA10C3F00F06F7D /* NetworkServiceKey.swift */,
				08F9DA0A2AA10D8800F06F7D /* ViewModelKey.swift */,
			);
			path = DI;
			sourceTree = "<group>";
		};
		08F9D9E62A9F8DA500F06F7D /* Services */ = {
			isa = PBXGroup;
			children = (
				08F9D9E72A9F8DBA00F06F7D /* Network */,
			);
			path = Services;
			sourceTree = "<group>";
		};
		08F9D9E72A9F8DBA00F06F7D /* Network */ = {
			isa = PBXGroup;
			children = (
				08F9D9EF2A9F9F8100F06F7D /* NetworkError.swift */,
				08F9D9F12A9F9FEB00F06F7D /* Endpoint.swift */,
				08F9D9F32A9FA02000F06F7D /* RequestMethod.swift */,
				08F9D9F52A9FA12300F06F7D /* HTTPClient.swift */,
				08F9D9F72AA0ADBE00F06F7D /* PostEndpoint.swift */,
				08F9D9F92AA0B18300F06F7D /* PostNetworkService.swift */,
			);
			path = Network;
			sourceTree = "<group>";
		};
		08F9D9E82A9F8E1B00F06F7D /* DI */ = {
			isa = PBXGroup;
			children = (
				08F9D9E92A9F8E3F00F06F7D /* InjectionKey.swift */,
				08F9D9EB2A9F926C00F06F7D /* InjectedValues.swift */,
				08F9D9ED2A9F92D900F06F7D /* Injected.swift */,
			);
			path = DI;
			sourceTree = "<group>";
		};
/* End PBXGroup section */

/* Begin PBXNativeTarget section */
		08F9D9BF2A9F807E00F06F7D /* PostFeed */ = {
			isa = PBXNativeTarget;
			buildConfigurationList = 08F9D9D42A9F807F00F06F7D /* Build configuration list for PBXNativeTarget "PostFeed" */;
			buildPhases = (
				08F9D9BC2A9F807E00F06F7D /* Sources */,
				08F9D9BD2A9F807E00F06F7D /* Frameworks */,
				08F9D9BE2A9F807E00F06F7D /* Resources */,
			);
			buildRules = (
			);
			dependencies = (
			);
			name = PostFeed;
			packageProductDependencies = (
				08F9DA042AA10D2100F06F7D /* RxCocoa */,
				08F9DA062AA10D2100F06F7D /* RxRelay */,
				08F9DA082AA10D2200F06F7D /* RxSwift */,
				08CADDDE2AA46FA800DBA670 /* SDWebImage */,
			);
			productName = PostFeed;
			productReference = 08F9D9C02A9F807E00F06F7D /* PostFeed.app */;
			productType = "com.apple.product-type.application";
		};
/* End PBXNativeTarget section */

/* Begin PBXProject section */
		08F9D9B82A9F807E00F06F7D /* Project object */ = {
			isa = PBXProject;
			attributes = {
				BuildIndependentTargetsInParallel = 1;
				LastSwiftUpdateCheck = 1430;
				LastUpgradeCheck = 1430;
				TargetAttributes = {
					08F9D9BF2A9F807E00F06F7D = {
						CreatedOnToolsVersion = 14.3;
					};
				};
			};
			buildConfigurationList = 08F9D9BB2A9F807E00F06F7D /* Build configuration list for PBXProject "PostFeed" */;
			compatibilityVersion = "Xcode 14.0";
			developmentRegion = en;
			hasScannedForEncodings = 0;
			knownRegions = (
				en,
				Base,
			);
			mainGroup = 08F9D9B72A9F807E00F06F7D;
			packageReferences = (
				08F9DA032AA10D2100F06F7D /* XCRemoteSwiftPackageReference "RxSwift" */,
				08CADDDD2AA46FA800DBA670 /* XCRemoteSwiftPackageReference "SDWebImage" */,
			);
			productRefGroup = 08F9D9C12A9F807E00F06F7D /* Products */;
			projectDirPath = "";
			projectRoot = "";
			targets = (
				08F9D9BF2A9F807E00F06F7D /* PostFeed */,
			);
		};
/* End PBXProject section */

/* Begin PBXResourcesBuildPhase section */
		08F9D9BE2A9F807E00F06F7D /* Resources */ = {
			isa = PBXResourcesBuildPhase;
			buildActionMask = 2147483647;
			files = (
				08F9D9D02A9F807F00F06F7D /* LaunchScreen.storyboard in Resources */,
				08F9D9CD2A9F807F00F06F7D /* Assets.xcassets in Resources */,
			);
			runOnlyForDeploymentPostprocessing = 0;
		};
/* End PBXResourcesBuildPhase section */

/* Begin PBXSourcesBuildPhase section */
		08F9D9BC2A9F807E00F06F7D /* Sources */ = {
			isa = PBXSourcesBuildPhase;
			buildActionMask = 2147483647;
			files = (
				08F9D9F82AA0ADBE00F06F7D /* PostEndpoint.swift in Sources */,
				08F9D9D82A9F84A800F06F7D /* BaseCoordinator.swift in Sources */,
				08CADDDC2AA4577B00DBA670 /* DetailViewController.swift in Sources */,
				08F9D9C82A9F807E00F06F7D /* FeedViewController.swift in Sources */,
				08F9D9F62A9FA12300F06F7D /* HTTPClient.swift in Sources */,
				08F9D9EE2A9F92D900F06F7D /* Injected.swift in Sources */,
				08F9D9FE2AA0B37A00F06F7D /* DetailPosts.swift in Sources */,
				08F9D9DA2A9F85D500F06F7D /* AppCoordinator.swift in Sources */,
				08F9D9FA2AA0B18300F06F7D /* PostNetworkService.swift in Sources */,
				08F9DA002AA10BA600F06F7D /* ViewModel.swift in Sources */,
				08CADDD82AA3A7C000DBA670 /* NSLayoutConstraint+Priority.swift in Sources */,
				08F9D9F42A9FA02000F06F7D /* RequestMethod.swift in Sources */,
				08F9D9C42A9F807E00F06F7D /* AppDelegate.swift in Sources */,
				08F9D9EA2A9F8E3F00F06F7D /* InjectionKey.swift in Sources */,
				08F9D9EC2A9F926C00F06F7D /* InjectedValues.swift in Sources */,
				08F9D9FC2AA0B2C000F06F7D /* PostList.swift in Sources */,
				08F9DA0D2AA1160700F06F7D /* ResizeViewCell.swift in Sources */,
				08F9DA0B2AA10D8800F06F7D /* ViewModelKey.swift in Sources */,
				08F9D9E12A9F89FD00F06F7D /* FeedCoordinator.swift in Sources */,
				08F9D9C62A9F807E00F06F7D /* SceneDelegate.swift in Sources */,
				08CADDE12AA4785900DBA670 /* TimeInterval+DaysAgo.swift in Sources */,
				08F9DA022AA10C3F00F06F7D /* NetworkServiceKey.swift in Sources */,
				08F9D9F22A9F9FEB00F06F7D /* Endpoint.swift in Sources */,
				08F9D9F02A9F9F8100F06F7D /* NetworkError.swift in Sources */,
			);
			runOnlyForDeploymentPostprocessing = 0;
		};
/* End PBXSourcesBuildPhase section */

/* Begin PBXVariantGroup section */
		08F9D9CE2A9F807F00F06F7D /* LaunchScreen.storyboard */ = {
			isa = PBXVariantGroup;
			children = (
				08F9D9CF2A9F807F00F06F7D /* Base */,
			);
			name = LaunchScreen.storyboard;
			sourceTree = "<group>";
		};
/* End PBXVariantGroup section */

/* Begin XCBuildConfiguration section */
		08F9D9D22A9F807F00F06F7D /* Debug */ = {
			isa = XCBuildConfiguration;
			buildSettings = {
				ALWAYS_SEARCH_USER_PATHS = NO;
				CLANG_ANALYZER_NONNULL = YES;
				CLANG_ANALYZER_NUMBER_OBJECT_CONVERSION = YES_AGGRESSIVE;
				CLANG_CXX_LANGUAGE_STANDARD = "gnu++20";
				CLANG_ENABLE_MODULES = YES;
				CLANG_ENABLE_OBJC_ARC = YES;
				CLANG_ENABLE_OBJC_WEAK = YES;
				CLANG_WARN_BLOCK_CAPTURE_AUTORELEASING = YES;
				CLANG_WARN_BOOL_CONVERSION = YES;
				CLANG_WARN_COMMA = YES;
				CLANG_WARN_CONSTANT_CONVERSION = YES;
				CLANG_WARN_DEPRECATED_OBJC_IMPLEMENTATIONS = YES;
				CLANG_WARN_DIRECT_OBJC_ISA_USAGE = YES_ERROR;
				CLANG_WARN_DOCUMENTATION_COMMENTS = YES;
				CLANG_WARN_EMPTY_BODY = YES;
				CLANG_WARN_ENUM_CONVERSION = YES;
				CLANG_WARN_INFINITE_RECURSION = YES;
				CLANG_WARN_INT_CONVERSION = YES;
				CLANG_WARN_NON_LITERAL_NULL_CONVERSION = YES;
				CLANG_WARN_OBJC_IMPLICIT_RETAIN_SELF = YES;
				CLANG_WARN_OBJC_LITERAL_CONVERSION = YES;
				CLANG_WARN_OBJC_ROOT_CLASS = YES_ERROR;
				CLANG_WARN_QUOTED_INCLUDE_IN_FRAMEWORK_HEADER = YES;
				CLANG_WARN_RANGE_LOOP_ANALYSIS = YES;
				CLANG_WARN_STRICT_PROTOTYPES = YES;
				CLANG_WARN_SUSPICIOUS_MOVE = YES;
				CLANG_WARN_UNGUARDED_AVAILABILITY = YES_AGGRESSIVE;
				CLANG_WARN_UNREACHABLE_CODE = YES;
				CLANG_WARN__DUPLICATE_METHOD_MATCH = YES;
				COPY_PHASE_STRIP = NO;
				DEBUG_INFORMATION_FORMAT = dwarf;
				ENABLE_STRICT_OBJC_MSGSEND = YES;
				ENABLE_TESTABILITY = YES;
				GCC_C_LANGUAGE_STANDARD = gnu11;
				GCC_DYNAMIC_NO_PIC = NO;
				GCC_NO_COMMON_BLOCKS = YES;
				GCC_OPTIMIZATION_LEVEL = 0;
				GCC_PREPROCESSOR_DEFINITIONS = (
					"DEBUG=1",
					"$(inherited)",
				);
				GCC_WARN_64_TO_32_BIT_CONVERSION = YES;
				GCC_WARN_ABOUT_RETURN_TYPE = YES_ERROR;
				GCC_WARN_UNDECLARED_SELECTOR = YES;
				GCC_WARN_UNINITIALIZED_AUTOS = YES_AGGRESSIVE;
				GCC_WARN_UNUSED_FUNCTION = YES;
				GCC_WARN_UNUSED_VARIABLE = YES;
				IPHONEOS_DEPLOYMENT_TARGET = 16.4;
				MTL_ENABLE_DEBUG_INFO = INCLUDE_SOURCE;
				MTL_FAST_MATH = YES;
				ONLY_ACTIVE_ARCH = YES;
				SDKROOT = iphoneos;
				SWIFT_ACTIVE_COMPILATION_CONDITIONS = DEBUG;
				SWIFT_OPTIMIZATION_LEVEL = "-Onone";
			};
			name = Debug;
		};
		08F9D9D32A9F807F00F06F7D /* Release */ = {
			isa = XCBuildConfiguration;
			buildSettings = {
				ALWAYS_SEARCH_USER_PATHS = NO;
				CLANG_ANALYZER_NONNULL = YES;
				CLANG_ANALYZER_NUMBER_OBJECT_CONVERSION = YES_AGGRESSIVE;
				CLANG_CXX_LANGUAGE_STANDARD = "gnu++20";
				CLANG_ENABLE_MODULES = YES;
				CLANG_ENABLE_OBJC_ARC = YES;
				CLANG_ENABLE_OBJC_WEAK = YES;
				CLANG_WARN_BLOCK_CAPTURE_AUTORELEASING = YES;
				CLANG_WARN_BOOL_CONVERSION = YES;
				CLANG_WARN_COMMA = YES;
				CLANG_WARN_CONSTANT_CONVERSION = YES;
				CLANG_WARN_DEPRECATED_OBJC_IMPLEMENTATIONS = YES;
				CLANG_WARN_DIRECT_OBJC_ISA_USAGE = YES_ERROR;
				CLANG_WARN_DOCUMENTATION_COMMENTS = YES;
				CLANG_WARN_EMPTY_BODY = YES;
				CLANG_WARN_ENUM_CONVERSION = YES;
				CLANG_WARN_INFINITE_RECURSION = YES;
				CLANG_WARN_INT_CONVERSION = YES;
				CLANG_WARN_NON_LITERAL_NULL_CONVERSION = YES;
				CLANG_WARN_OBJC_IMPLICIT_RETAIN_SELF = YES;
				CLANG_WARN_OBJC_LITERAL_CONVERSION = YES;
				CLANG_WARN_OBJC_ROOT_CLASS = YES_ERROR;
				CLANG_WARN_QUOTED_INCLUDE_IN_FRAMEWORK_HEADER = YES;
				CLANG_WARN_RANGE_LOOP_ANALYSIS = YES;
				CLANG_WARN_STRICT_PROTOTYPES = YES;
				CLANG_WARN_SUSPICIOUS_MOVE = YES;
				CLANG_WARN_UNGUARDED_AVAILABILITY = YES_AGGRESSIVE;
				CLANG_WARN_UNREACHABLE_CODE = YES;
				CLANG_WARN__DUPLICATE_METHOD_MATCH = YES;
				COPY_PHASE_STRIP = NO;
				DEBUG_INFORMATION_FORMAT = "dwarf-with-dsym";
				ENABLE_NS_ASSERTIONS = NO;
				ENABLE_STRICT_OBJC_MSGSEND = YES;
				GCC_C_LANGUAGE_STANDARD = gnu11;
				GCC_NO_COMMON_BLOCKS = YES;
				GCC_WARN_64_TO_32_BIT_CONVERSION = YES;
				GCC_WARN_ABOUT_RETURN_TYPE = YES_ERROR;
				GCC_WARN_UNDECLARED_SELECTOR = YES;
				GCC_WARN_UNINITIALIZED_AUTOS = YES_AGGRESSIVE;
				GCC_WARN_UNUSED_FUNCTION = YES;
				GCC_WARN_UNUSED_VARIABLE = YES;
				IPHONEOS_DEPLOYMENT_TARGET = 16.4;
				MTL_ENABLE_DEBUG_INFO = NO;
				MTL_FAST_MATH = YES;
				SDKROOT = iphoneos;
				SWIFT_COMPILATION_MODE = wholemodule;
				SWIFT_OPTIMIZATION_LEVEL = "-O";
				VALIDATE_PRODUCT = YES;
			};
			name = Release;
		};
		08F9D9D52A9F807F00F06F7D /* Debug */ = {
			isa = XCBuildConfiguration;
			buildSettings = {
				ASSETCATALOG_COMPILER_APPICON_NAME = AppIcon;
				ASSETCATALOG_COMPILER_GLOBAL_ACCENT_COLOR_NAME = AccentColor;
				CODE_SIGN_STYLE = Automatic;
				CURRENT_PROJECT_VERSION = 1;
				DEVELOPMENT_TEAM = 82JRS96G7R;
				GENERATE_INFOPLIST_FILE = YES;
				INFOPLIST_FILE = PostFeed/Resources/Info.plist;
				INFOPLIST_KEY_UIApplicationSupportsIndirectInputEvents = YES;
				INFOPLIST_KEY_UILaunchStoryboardName = LaunchScreen;
				INFOPLIST_KEY_UISupportedInterfaceOrientations = UIInterfaceOrientationPortrait;
				IPHONEOS_DEPLOYMENT_TARGET = 14.0;
				LD_RUNPATH_SEARCH_PATHS = (
					"$(inherited)",
					"@executable_path/Frameworks",
				);
				MARKETING_VERSION = 1.0;
				PRODUCT_BUNDLE_IDENTIFIER = "Molodets-Serhii.PostFeed";
				PRODUCT_NAME = "$(TARGET_NAME)";
				SWIFT_EMIT_LOC_STRINGS = YES;
				SWIFT_VERSION = 5.0;
				TARGETED_DEVICE_FAMILY = "1,2";
			};
			name = Debug;
		};
		08F9D9D62A9F807F00F06F7D /* Release */ = {
			isa = XCBuildConfiguration;
			buildSettings = {
				ASSETCATALOG_COMPILER_APPICON_NAME = AppIcon;
				ASSETCATALOG_COMPILER_GLOBAL_ACCENT_COLOR_NAME = AccentColor;
				CODE_SIGN_STYLE = Automatic;
				CURRENT_PROJECT_VERSION = 1;
				DEVELOPMENT_TEAM = 82JRS96G7R;
				GENERATE_INFOPLIST_FILE = YES;
				INFOPLIST_FILE = PostFeed/Resources/Info.plist;
				INFOPLIST_KEY_UIApplicationSupportsIndirectInputEvents = YES;
				INFOPLIST_KEY_UILaunchStoryboardName = LaunchScreen;
				INFOPLIST_KEY_UISupportedInterfaceOrientations = UIInterfaceOrientationPortrait;
				IPHONEOS_DEPLOYMENT_TARGET = 14.0;
				LD_RUNPATH_SEARCH_PATHS = (
					"$(inherited)",
					"@executable_path/Frameworks",
				);
				MARKETING_VERSION = 1.0;
				PRODUCT_BUNDLE_IDENTIFIER = "Molodets-Serhii.PostFeed";
				PRODUCT_NAME = "$(TARGET_NAME)";
				SWIFT_EMIT_LOC_STRINGS = YES;
				SWIFT_VERSION = 5.0;
				TARGETED_DEVICE_FAMILY = "1,2";
			};
			name = Release;
		};
/* End XCBuildConfiguration section */

/* Begin XCConfigurationList section */
		08F9D9BB2A9F807E00F06F7D /* Build configuration list for PBXProject "PostFeed" */ = {
			isa = XCConfigurationList;
			buildConfigurations = (
				08F9D9D22A9F807F00F06F7D /* Debug */,
				08F9D9D32A9F807F00F06F7D /* Release */,
			);
			defaultConfigurationIsVisible = 0;
			defaultConfigurationName = Release;
		};
		08F9D9D42A9F807F00F06F7D /* Build configuration list for PBXNativeTarget "PostFeed" */ = {
			isa = XCConfigurationList;
			buildConfigurations = (
				08F9D9D52A9F807F00F06F7D /* Debug */,
				08F9D9D62A9F807F00F06F7D /* Release */,
			);
			defaultConfigurationIsVisible = 0;
			defaultConfigurationName = Release;
		};
/* End XCConfigurationList section */

/* Begin XCRemoteSwiftPackageReference section */
		08CADDDD2AA46FA800DBA670 /* XCRemoteSwiftPackageReference "SDWebImage" */ = {
			isa = XCRemoteSwiftPackageReference;
			repositoryURL = "https://github.com/SDWebImage/SDWebImage";
			requirement = {
				kind = upToNextMajorVersion;
				minimumVersion = 5.0.0;
			};
		};
		08F9DA032AA10D2100F06F7D /* XCRemoteSwiftPackageReference "RxSwift" */ = {
			isa = XCRemoteSwiftPackageReference;
			repositoryURL = "https://github.com/ReactiveX/RxSwift";
			requirement = {
				kind = upToNextMajorVersion;
				minimumVersion = 6.0.0;
			};
		};
/* End XCRemoteSwiftPackageReference section */

/* Begin XCSwiftPackageProductDependency section */
		08CADDDE2AA46FA800DBA670 /* SDWebImage */ = {
			isa = XCSwiftPackageProductDependency;
			package = 08CADDDD2AA46FA800DBA670 /* XCRemoteSwiftPackageReference "SDWebImage" */;
			productName = SDWebImage;
		};
		08F9DA042AA10D2100F06F7D /* RxCocoa */ = {
			isa = XCSwiftPackageProductDependency;
			package = 08F9DA032AA10D2100F06F7D /* XCRemoteSwiftPackageReference "RxSwift" */;
			productName = RxCocoa;
		};
		08F9DA062AA10D2100F06F7D /* RxRelay */ = {
			isa = XCSwiftPackageProductDependency;
			package = 08F9DA032AA10D2100F06F7D /* XCRemoteSwiftPackageReference "RxSwift" */;
			productName = RxRelay;
		};
		08F9DA082AA10D2200F06F7D /* RxSwift */ = {
			isa = XCSwiftPackageProductDependency;
			package = 08F9DA032AA10D2100F06F7D /* XCRemoteSwiftPackageReference "RxSwift" */;
			productName = RxSwift;
		};
/* End XCSwiftPackageProductDependency section */
	};
	rootObject = 08F9D9B82A9F807E00F06F7D /* Project object */;
}
